// !$*UTF8*$!
{
	archiveVersion = 1;
	classes = {
	};
	objectVersion = 50;
	objects = {

/* Begin PBXBuildFile section */
		698D54CF254F052500CB3617 /* AppDelegate.swift in Sources */ = {isa = PBXBuildFile; fileRef = 698D54CE254F052500CB3617 /* AppDelegate.swift */; };
		698D54D1254F052500CB3617 /* SceneDelegate.swift in Sources */ = {isa = PBXBuildFile; fileRef = 698D54D0254F052500CB3617 /* SceneDelegate.swift */; };
		698D54D3254F052500CB3617 /* ViewController.swift in Sources */ = {isa = PBXBuildFile; fileRef = 698D54D2254F052500CB3617 /* ViewController.swift */; };
		698D54D6254F052500CB3617 /* Main.storyboard in Resources */ = {isa = PBXBuildFile; fileRef = 698D54D4254F052500CB3617 /* Main.storyboard */; };
		698D54D8254F052900CB3617 /* Assets.xcassets in Resources */ = {isa = PBXBuildFile; fileRef = 698D54D7254F052900CB3617 /* Assets.xcassets */; };
		698D54DB254F052900CB3617 /* LaunchScreen.storyboard in Resources */ = {isa = PBXBuildFile; fileRef = 698D54D9254F052900CB3617 /* LaunchScreen.storyboard */; };
		698D54E3254F055C00CB3617 /* SecondViewController.swift in Sources */ = {isa = PBXBuildFile; fileRef = 698D54E2254F055C00CB3617 /* SecondViewController.swift */; };
		698D54E7254F08C300CB3617 /* image3.jpg in Resources */ = {isa = PBXBuildFile; fileRef = 698D54E4254F08C300CB3617 /* image3.jpg */; };
		698D54E8254F08C300CB3617 /* image2.jpg in Resources */ = {isa = PBXBuildFile; fileRef = 698D54E5254F08C300CB3617 /* image2.jpg */; };
		698D54E9254F08C300CB3617 /* image1.jpg in Resources */ = {isa = PBXBuildFile; fileRef = 698D54E6254F08C300CB3617 /* image1.jpg */; };
/* End PBXBuildFile section */

/* Begin PBXFileReference section */
		698D54CB254F052500CB3617 /* SlideshowApp.app */ = {isa = PBXFileReference; explicitFileType = wrapper.application; includeInIndex = 0; path = SlideshowApp.app; sourceTree = BUILT_PRODUCTS_DIR; };
		698D54CE254F052500CB3617 /* AppDelegate.swift */ = {isa = PBXFileReference; lastKnownFileType = sourcecode.swift; path = AppDelegate.swift; sourceTree = "<group>"; };
		698D54D0254F052500CB3617 /* SceneDelegate.swift */ = {isa = PBXFileReference; lastKnownFileType = sourcecode.swift; path = SceneDelegate.swift; sourceTree = "<group>"; };
		698D54D2254F052500CB3617 /* ViewController.swift */ = {isa = PBXFileReference; lastKnownFileType = sourcecode.swift; path = ViewController.swift; sourceTree = "<group>"; };
		698D54D5254F052500CB3617 /* Base */ = {isa = PBXFileReference; lastKnownFileType = file.storyboard; name = Base; path = Base.lproj/Main.storyboard; sourceTree = "<group>"; };
		698D54D7254F052900CB3617 /* Assets.xcassets */ = {isa = PBXFileReference; lastKnownFileType = folder.assetcatalog; path = Assets.xcassets; sourceTree = "<group>"; };
		698D54DA254F052900CB3617 /* Base */ = {isa = PBXFileReference; lastKnownFileType = file.storyboard; name = Base; path = Base.lproj/LaunchScreen.storyboard; sourceTree = "<group>"; };
		698D54DC254F052900CB3617 /* Info.plist */ = {isa = PBXFileReference; lastKnownFileType = text.plist.xml; path = Info.plist; sourceTree = "<group>"; };
		698D54E2254F055C00CB3617 /* SecondViewController.swift */ = {isa = PBXFileReference; lastKnownFileType = sourcecode.swift; path = SecondViewController.swift; sourceTree = "<group>"; };
		698D54E4254F08C300CB3617 /* image3.jpg */ = {isa = PBXFileReference; lastKnownFileType = image.jpeg; path = image3.jpg; sourceTree = "<group>"; };
		698D54E5254F08C300CB3617 /* image2.jpg */ = {isa = PBXFileReference; lastKnownFileType = image.jpeg; path = image2.jpg; sourceTree = "<group>"; };
		698D54E6254F08C300CB3617 /* image1.jpg */ = {isa = PBXFileReference; lastKnownFileType = image.jpeg; path = image1.jpg; sourceTree = "<group>"; };
/* End PBXFileReference section */

/* Begin PBXFrameworksBuildPhase section */
		698D54C8254F052500CB3617 /* Frameworks */ = {
			isa = PBXFrameworksBuildPhase;
			buildActionMask = 2147483647;
			files = (
			);
			runOnlyForDeploymentPostprocessing = 0;
		};
/* End PBXFrameworksBuildPhase section */

/* Begin PBXGroup section */
		698D54C2254F052500CB3617 = {
			isa = PBXGroup;
			children = (
				698D54CD254F052500CB3617 /* SlideshowApp */,
				698D54CC254F052500CB3617 /* Products */,
			);
			sourceTree = "<group>";
		};
		698D54CC254F052500CB3617 /* Products */ = {
			isa = PBXGroup;
			children = (
				698D54CB254F052500CB3617 /* SlideshowApp.app */,
			);
			name = Products;
			sourceTree = "<group>";
		};
		698D54CD254F052500CB3617 /* SlideshowApp */ = {
			isa = PBXGroup;
			children = (
				698D54CE254F052500CB3617 /* AppDelegate.swift */,
				698D54D0254F052500CB3617 /* SceneDelegate.swift */,
				698D54D2254F052500CB3617 /* ViewController.swift */,
				698D54E2254F055C00CB3617 /* SecondViewController.swift */,
				698D54D4254F052500CB3617 /* Main.storyboard */,
				698D54E6254F08C300CB3617 /* image1.jpg */,
				698D54E5254F08C300CB3617 /* image2.jpg */,
				698D54E4254F08C300CB3617 /* image3.jpg */,
				698D54D7254F052900CB3617 /* Assets.xcassets */,
				698D54D9254F052900CB3617 /* LaunchScreen.storyboard */,
				698D54DC254F052900CB3617 /* Info.plist */,
			);
			path = SlideshowApp;
			sourceTree = "<group>";
		};
/* End PBXGroup section */

/* Begin PBXNativeTarget section */
		698D54CA254F052500CB3617 /* SlideshowApp */ = {
			isa = PBXNativeTarget;
			buildConfigurationList = 698D54DF254F052900CB3617 /* Build configuration list for PBXNativeTarget "SlideshowApp" */;
			buildPhases = (
				698D54C7254F052500CB3617 /* Sources */,
				698D54C8254F052500CB3617 /* Frameworks */,
				698D54C9254F052500CB3617 /* Resources */,
			);
			buildRules = (
			);
			dependencies = (
			);
			name = SlideshowApp;
			productName = SlideshowApp;
			productReference = 698D54CB254F052500CB3617 /* SlideshowApp.app */;
			productType = "com.apple.product-type.application";
		};
/* End PBXNativeTarget section */

/* Begin PBXProject section */
		698D54C3254F052500CB3617 /* Project object */ = {
			isa = PBXProject;
			attributes = {
				LastSwiftUpdateCheck = 1150;
				LastUpgradeCheck = 1150;
				ORGANIZATIONNAME = taiga.ooguchi;
				TargetAttributes = {
					698D54CA254F052500CB3617 = {
						CreatedOnToolsVersion = 11.5;
					};
				};
			};
			buildConfigurationList = 698D54C6254F052500CB3617 /* Build configuration list for PBXProject "SlideshowApp" */;
			compatibilityVersion = "Xcode 9.3";
			developmentRegion = en;
			hasScannedForEncodings = 0;
			knownRegions = (
				en,
				Base,
			);
			mainGroup = 698D54C2254F052500CB3617;
			productRefGroup = 698D54CC254F052500CB3617 /* Products */;
			projectDirPath = "";
			projectRoot = "";
			targets = (
				698D54CA254F052500CB3617 /* SlideshowApp */,
			);
		};
/* End PBXProject section */

/* Begin PBXResourcesBuildPhase section */
		698D54C9254F052500CB3617 /* Resources */ = {
			isa = PBXResourcesBuildPhase;
			buildActionMask = 2147483647;
			files = (
				698D54DB254F052900CB3617 /* LaunchScreen.storyboard in Resources */,
				698D54E8254F08C300CB3617 /* image2.jpg in Resources */,
				698D54D8254F052900CB3617 /* Assets.xcassets in Resources */,
				698D54D6254F052500CB3617 /* Main.storyboard in Resources */,
				698D54E7254F08C300CB3617 /* image3.jpg in Resources */,
				698D54E9254F08C300CB3617 /* image1.jpg in Resources */,
			);
			runOnlyForDeploymentPostprocessing = 0;
		};
/* End PBXResourcesBuildPhase section */

/* Begin PBXSourcesBuildPhase section */
		698D54C7254F052500CB3617 /* Sources */ = {
			isa = PBXSourcesBuildPhase;
			buildActionMask = 2147483647;
			files = (
				698D54E3254F055C00CB3617 /* SecondViewController.swift in Sources */,
				698D54D3254F052500CB3617 /* ViewController.swift in Sources */,
				698D54CF254F052500CB3617 /* AppDelegate.swift in Sources */,
				698D54D1254F052500CB3617 /* SceneDelegate.swift in Sources */,
			);
			runOnlyForDeploymentPostprocessing = 0;
		};
/* End PBXSourcesBuildPhase section */

/* Begin PBXVariantGroup section */
		698D54D4254F052500CB3617 /* Main.storyboard */ = {
			isa = PBXVariantGroup;
			children = (
				698D54D5254F052500CB3617 /* Base */,
			);
			name = Main.storyboard;
			sourceTree = "<group>";
		};
		698D54D9254F052900CB3617 /* LaunchScreen.storyboard */ = {
			isa = PBXVariantGroup;
			children = (
				698D54DA254F052900CB3617 /* Base */,
			);
			name = LaunchScreen.storyboard;
			sourceTree = "<group>";
		};
/* End PBXVariantGroup section */

/* Begin XCBuildConfiguration section */
		698D54DD254F052900CB3617 /* Debug */ = {
			isa = XCBuildConfiguration;
			buildSettings = {
				ALWAYS_SEARCH_USER_PATHS = NO;
				CLANG_ANALYZER_NONNULL = YES;
				CLANG_ANALYZER_NUMBER_OBJECT_CONVERSION = YES_AGGRESSIVE;
				CLANG_CXX_LANGUAGE_STANDARD = "gnu++14";
				CLANG_CXX_LIBRARY = "libc++";
				CLANG_ENABLE_MODULES = YES;
				CLANG_ENABLE_OBJC_ARC = YES;
				CLANG_ENABLE_OBJC_WEAK = YES;
				CLANG_WARN_BLOCK_CAPTURE_AUTORELEASING = YES;
				CLANG_WARN_BOOL_CONVERSION = YES;
				CLANG_WARN_COMMA = YES;
				CLANG_WARN_CONSTANT_CONVERSION = YES;
				CLANG_WARN_DEPRECATED_OBJC_IMPLEMENTATIONS = YES;
				CLANG_WARN_DIRECT_OBJC_ISA_USAGE = YES_ERROR;
				CLANG_WARN_DOCUMENTATION_COMMENTS = YES;
				CLANG_WARN_EMPTY_BODY = YES;
				CLANG_WARN_ENUM_CONVERSION = YES;
				CLANG_WARN_INFINITE_RECURSION = YES;
				CLANG_WARN_INT_CONVERSION = YES;
				CLANG_WARN_NON_LITERAL_NULL_CONVERSION = YES;
				CLANG_WARN_OBJC_IMPLICIT_RETAIN_SELF = YES;
				CLANG_WARN_OBJC_LITERAL_CONVERSION = YES;
				CLANG_WARN_OBJC_ROOT_CLASS = YES_ERROR;
				CLANG_WARN_RANGE_LOOP_ANALYSIS = YES;
				CLANG_WARN_STRICT_PROTOTYPES = YES;
				CLANG_WARN_SUSPICIOUS_MOVE = YES;
				CLANG_WARN_UNGUARDED_AVAILABILITY = YES_AGGRESSIVE;
				CLANG_WARN_UNREACHABLE_CODE = YES;
				CLANG_WARN__DUPLICATE_METHOD_MATCH = YES;
				COPY_PHASE_STRIP = NO;
				DEBUG_INFORMATION_FORMAT = dwarf;
				ENABLE_STRICT_OBJC_MSGSEND = YES;
				ENABLE_TESTABILITY = YES;
				GCC_C_LANGUAGE_STANDARD = gnu11;
				GCC_DYNAMIC_NO_PIC = NO;
				GCC_NO_COMMON_BLOCKS = YES;
				GCC_OPTIMIZATION_LEVEL = 0;
				GCC_PREPROCESSOR_DEFINITIONS = (
					"DEBUG=1",
					"$(inherited)",
				);
				GCC_WARN_64_TO_32_BIT_CONVERSION = YES;
				GCC_WARN_ABOUT_RETURN_TYPE = YES_ERROR;
				GCC_WARN_UNDECLARED_SELECTOR = YES;
				GCC_WARN_UNINITIALIZED_AUTOS = YES_AGGRESSIVE;
				GCC_WARN_UNUSED_FUNCTION = YES;
				GCC_WARN_UNUSED_VARIABLE = YES;
				IPHONEOS_DEPLOYMENT_TARGET = 13.5;
				MTL_ENABLE_DEBUG_INFO = INCLUDE_SOURCE;
				MTL_FAST_MATH = YES;
				ONLY_ACTIVE_ARCH = YES;
				SDKROOT = iphoneos;
				SWIFT_ACTIVE_COMPILATION_CONDITIONS = DEBUG;
				SWIFT_OPTIMIZATION_LEVEL = "-Onone";
			};
			name = Debug;
		};
		698D54DE254F052900CB3617 /* Release */ = {
			isa = XCBuildConfiguration;
			buildSettings = {
				ALWAYS_SEARCH_USER_PATHS = NO;
				CLANG_ANALYZER_NONNULL = YES;
				CLANG_ANALYZER_NUMBER_OBJECT_CONVERSION = YES_AGGRESSIVE;
				CLANG_CXX_LANGUAGE_STANDARD = "gnu++14";
				CLANG_CXX_LIBRARY = "libc++";
				CLANG_ENABLE_MODULES = YES;
				CLANG_ENABLE_OBJC_ARC = YES;
				CLANG_ENABLE_OBJC_WEAK = YES;
				CLANG_WARN_BLOCK_CAPTURE_AUTORELEASING = YES;
				CLANG_WARN_BOOL_CONVERSION = YES;
				CLANG_WARN_COMMA = YES;
				CLANG_WARN_CONSTANT_CONVERSION = YES;
				CLANG_WARN_DEPRECATED_OBJC_IMPLEMENTATIONS = YES;
				CLANG_WARN_DIRECT_OBJC_ISA_USAGE = YES_ERROR;
				CLANG_WARN_DOCUMENTATION_COMMENTS = YES;
				CLANG_WARN_EMPTY_BODY = YES;
				CLANG_WARN_ENUM_CONVERSION = YES;
				CLANG_WARN_INFINITE_RECURSION = YES;
				CLANG_WARN_INT_CONVERSION = YES;
				CLANG_WARN_NON_LITERAL_NULL_CONVERSION = YES;
				CLANG_WARN_OBJC_IMPLICIT_RETAIN_SELF = YES;
				CLANG_WARN_OBJC_LITERAL_CONVERSION = YES;
				CLANG_WARN_OBJC_ROOT_CLASS = YES_ERROR;
				CLANG_WARN_RANGE_LOOP_ANALYSIS = YES;
				CLANG_WARN_STRICT_PROTOTYPES = YES;
				CLANG_WARN_SUSPICIOUS_MOVE = YES;
				CLANG_WARN_UNGUARDED_AVAILABILITY = YES_AGGRESSIVE;
				CLANG_WARN_UNREACHABLE_CODE = YES;
				CLANG_WARN__DUPLICATE_METHOD_MATCH = YES;
				COPY_PHASE_STRIP = NO;
				DEBUG_INFORMATION_FORMAT = "dwarf-with-dsym";
				ENABLE_NS_ASSERTIONS = NO;
				ENABLE_STRICT_OBJC_MSGSEND = YES;
				GCC_C_LANGUAGE_STANDARD = gnu11;
				GCC_NO_COMMON_BLOCKS = YES;
				GCC_WARN_64_TO_32_BIT_CONVERSION = YES;
				GCC_WARN_ABOUT_RETURN_TYPE = YES_ERROR;
				GCC_WARN_UNDECLARED_SELECTOR = YES;
				GCC_WARN_UNINITIALIZED_AUTOS = YES_AGGRESSIVE;
				GCC_WARN_UNUSED_FUNCTION = YES;
				GCC_WARN_UNUSED_VARIABLE = YES;
				IPHONEOS_DEPLOYMENT_TARGET = 13.5;
				MTL_ENABLE_DEBUG_INFO = NO;
				MTL_FAST_MATH = YES;
				SDKROOT = iphoneos;
				SWIFT_COMPILATION_MODE = wholemodule;
				SWIFT_OPTIMIZATION_LEVEL = "-O";
				VALIDATE_PRODUCT = YES;
			};
			name = Release;
		};
		698D54E0254F052900CB3617 /* Debug */ = {
			isa = XCBuildConfiguration;
			buildSettings = {
				ASSETCATALOG_COMPILER_APPICON_NAME = AppIcon;
				CODE_SIGN_STYLE = Automatic;
				DEVELOPMENT_TEAM = 5VV8H8ULQ5;
				INFOPLIST_FILE = SlideshowApp/Info.plist;
				LD_RUNPATH_SEARCH_PATHS = (
					"$(inherited)",
					"@executable_path/Frameworks",
				);
				PRODUCT_BUNDLE_IDENTIFIER = jp.techacademy.taiga.ooguchi.SlideshowApp;
				PRODUCT_NAME = "$(TARGET_NAME)";
				SWIFT_VERSION = 5.0;
				TARGETED_DEVICE_FAMILY = "1,2";
			};
			name = Debug;
		};
		698D54E1254F052900CB3617 /* Release */ = {
			isa = XCBuildConfiguration;
			buildSettings = {
				ASSETCATALOG_COMPILER_APPICON_NAME = AppIcon;
				CODE_SIGN_STYLE = Automatic;
				DEVELOPMENT_TEAM = 5VV8H8ULQ5;
				INFOPLIST_FILE = SlideshowApp/Info.plist;
				LD_RUNPATH_SEARCH_PATHS = (
					"$(inherited)",
					"@executable_path/Frameworks",
				);
				PRODUCT_BUNDLE_IDENTIFIER = jp.techacademy.taiga.ooguchi.SlideshowApp;
				PRODUCT_NAME = "$(TARGET_NAME)";
				SWIFT_VERSION = 5.0;
				TARGETED_DEVICE_FAMILY = "1,2";
			};
			name = Release;
		};
/* End XCBuildConfiguration section */

/* Begin XCConfigurationList section */
		698D54C6254F052500CB3617 /* Build configuration list for PBXProject "SlideshowApp" */ = {
			isa = XCConfigurationList;
			buildConfigurations = (
				698D54DD254F052900CB3617 /* Debug */,
				698D54DE254F052900CB3617 /* Release */,
			);
			defaultConfigurationIsVisible = 0;
			defaultConfigurationName = Release;
		};
		698D54DF254F052900CB3617 /* Build configuration list for PBXNativeTarget "SlideshowApp" */ = {
			isa = XCConfigurationList;
			buildConfigurations = (
				698D54E0254F052900CB3617 /* Debug */,
				698D54E1254F052900CB3617 /* Release */,
			);
			defaultConfigurationIsVisible = 0;
			defaultConfigurationName = Release;
		};
/* End XCConfigurationList section */
	};
	rootObject = 698D54C3254F052500CB3617 /* Project object */;
}
